// !$*UTF8*$!
{
	archiveVersion = 1;
	classes = {
	};
	objectVersion = 50;
	objects = {

/* Begin PBXBuildFile section */
		395CE13820985F04004B5212 /* AppDelegate.swift in Sources */ = {isa = PBXBuildFile; fileRef = 395CE13720985F04004B5212 /* AppDelegate.swift */; };
		395CE13D20985F04004B5212 /* Main.storyboard in Resources */ = {isa = PBXBuildFile; fileRef = 395CE13B20985F04004B5212 /* Main.storyboard */; };
		395CE14020985F04004B5212 /* JustDraw.xcdatamodeld in Sources */ = {isa = PBXBuildFile; fileRef = 395CE13E20985F04004B5212 /* JustDraw.xcdatamodeld */; };
		395CE14220985F05004B5212 /* Assets.xcassets in Resources */ = {isa = PBXBuildFile; fileRef = 395CE14120985F05004B5212 /* Assets.xcassets */; };
		395CE14520985F05004B5212 /* LaunchScreen.storyboard in Resources */ = {isa = PBXBuildFile; fileRef = 395CE14320985F05004B5212 /* LaunchScreen.storyboard */; };
		395CE15020985F05004B5212 /* JustDrawTests.swift in Sources */ = {isa = PBXBuildFile; fileRef = 395CE14F20985F05004B5212 /* JustDrawTests.swift */; };
		395CE15B20985F05004B5212 /* JustDrawUITests.swift in Sources */ = {isa = PBXBuildFile; fileRef = 395CE15A20985F05004B5212 /* JustDrawUITests.swift */; };
		395CE16F20985F6C004B5212 /* GoogleService-Info.plist in Resources */ = {isa = PBXBuildFile; fileRef = 395CE16E20985F6C004B5212 /* GoogleService-Info.plist */; };
		395CE176209860D9004B5212 /* TShirt.swift in Sources */ = {isa = PBXBuildFile; fileRef = 395CE175209860D9004B5212 /* TShirt.swift */; };
		395CE17820986116004B5212 /* MainViewController.swift in Sources */ = {isa = PBXBuildFile; fileRef = 395CE17720986116004B5212 /* MainViewController.swift */; };
		395CE17A2098613F004B5212 /* CartViewController.swift in Sources */ = {isa = PBXBuildFile; fileRef = 395CE1792098613F004B5212 /* CartViewController.swift */; };
		395CE17D2098644D004B5212 /* Constant.swift in Sources */ = {isa = PBXBuildFile; fileRef = 395CE17C2098644D004B5212 /* Constant.swift */; };
		395CE17F209864F6004B5212 /* TShirtDetail.storyboard in Resources */ = {isa = PBXBuildFile; fileRef = 395CE17E209864F6004B5212 /* TShirtDetail.storyboard */; };
		395CE18F20986698004B5212 /* ActivityIndicatorService.swift in Sources */ = {isa = PBXBuildFile; fileRef = 395CE18E20986698004B5212 /* ActivityIndicatorService.swift */; };
		395CE19C20986EB4004B5212 /* NRStorageProvider.swift in Sources */ = {isa = PBXBuildFile; fileRef = 395CE19320986EB3004B5212 /* NRStorageProvider.swift */; };
		395CE19D20986EB4004B5212 /* NRFirebaseTarget.swift in Sources */ = {isa = PBXBuildFile; fileRef = 395CE19420986EB3004B5212 /* NRFirebaseTarget.swift */; };
		395CE19E20986EB4004B5212 /* NRDatabaseRequest.swift in Sources */ = {isa = PBXBuildFile; fileRef = 395CE19520986EB3004B5212 /* NRDatabaseRequest.swift */; };
		395CE19F20986EB4004B5212 /* NRFirebaseTask.swift in Sources */ = {isa = PBXBuildFile; fileRef = 395CE19620986EB3004B5212 /* NRFirebaseTask.swift */; };
		395CE1A020986EB4004B5212 /* NRDatabaseProvider.swift in Sources */ = {isa = PBXBuildFile; fileRef = 395CE19720986EB3004B5212 /* NRDatabaseProvider.swift */; };
		395CE1A120986EB4004B5212 /* NRDatabaseResponse.swift in Sources */ = {isa = PBXBuildFile; fileRef = 395CE19820986EB4004B5212 /* NRDatabaseResponse.swift */; };
		395CE1A220986EB4004B5212 /* NRStorageResponse.swift in Sources */ = {isa = PBXBuildFile; fileRef = 395CE19920986EB4004B5212 /* NRStorageResponse.swift */; };
		395CE1A320986EB4004B5212 /* NRError.swift in Sources */ = {isa = PBXBuildFile; fileRef = 395CE19A20986EB4004B5212 /* NRError.swift */; };
		395CE1A420986EB4004B5212 /* NRStorageRequest.swift in Sources */ = {isa = PBXBuildFile; fileRef = 395CE19B20986EB4004B5212 /* NRStorageRequest.swift */; };
		395CE1A7209870E5004B5212 /* FirebaseEndPoint.swift in Sources */ = {isa = PBXBuildFile; fileRef = 395CE1A6209870E5004B5212 /* FirebaseEndPoint.swift */; };
		395CE1A92098743D004B5212 /* TShirtViewModel.swift in Sources */ = {isa = PBXBuildFile; fileRef = 395CE1A82098743D004B5212 /* TShirtViewModel.swift */; };
		BBBFE6D68B8ACCC95639380F /* Pods_JustDrawUITests.framework in Frameworks */ = {isa = PBXBuildFile; fileRef = CB093AD448A292830F6DD0B8 /* Pods_JustDrawUITests.framework */; };
		C3A10015A659AEBD5B2A1201 /* Pods_JustDraw.framework in Frameworks */ = {isa = PBXBuildFile; fileRef = 6EE619FDEACF56C18A2A9C14 /* Pods_JustDraw.framework */; };
		E0AE675A3BC0598950F47708 /* Pods_JustDrawTests.framework in Frameworks */ = {isa = PBXBuildFile; fileRef = B3A29B4FBED1593A5404D3CC /* Pods_JustDrawTests.framework */; };
/* End PBXBuildFile section */

/* Begin PBXContainerItemProxy section */
		395CE14C20985F05004B5212 /* PBXContainerItemProxy */ = {
			isa = PBXContainerItemProxy;
			containerPortal = 395CE12C20985F04004B5212 /* Project object */;
			proxyType = 1;
			remoteGlobalIDString = 395CE13320985F04004B5212;
			remoteInfo = JustDraw;
		};
		395CE15720985F05004B5212 /* PBXContainerItemProxy */ = {
			isa = PBXContainerItemProxy;
			containerPortal = 395CE12C20985F04004B5212 /* Project object */;
			proxyType = 1;
			remoteGlobalIDString = 395CE13320985F04004B5212;
			remoteInfo = JustDraw;
		};
/* End PBXContainerItemProxy section */

/* Begin PBXFileReference section */
		395CE13420985F04004B5212 /* JustDraw.app */ = {isa = PBXFileReference; explicitFileType = wrapper.application; includeInIndex = 0; path = JustDraw.app; sourceTree = BUILT_PRODUCTS_DIR; };
		395CE13720985F04004B5212 /* AppDelegate.swift */ = {isa = PBXFileReference; lastKnownFileType = sourcecode.swift; path = AppDelegate.swift; sourceTree = "<group>"; };
		395CE13C20985F04004B5212 /* Base */ = {isa = PBXFileReference; lastKnownFileType = file.storyboard; name = Base; path = Base.lproj/Main.storyboard; sourceTree = "<group>"; };
		395CE13F20985F04004B5212 /* JustDraw.xcdatamodel */ = {isa = PBXFileReference; lastKnownFileType = wrapper.xcdatamodel; path = JustDraw.xcdatamodel; sourceTree = "<group>"; };
		395CE14120985F05004B5212 /* Assets.xcassets */ = {isa = PBXFileReference; lastKnownFileType = folder.assetcatalog; path = Assets.xcassets; sourceTree = "<group>"; };
		395CE14420985F05004B5212 /* Base */ = {isa = PBXFileReference; lastKnownFileType = file.storyboard; name = Base; path = Base.lproj/LaunchScreen.storyboard; sourceTree = "<group>"; };
		395CE14620985F05004B5212 /* Info.plist */ = {isa = PBXFileReference; lastKnownFileType = text.plist.xml; path = Info.plist; sourceTree = "<group>"; };
		395CE14B20985F05004B5212 /* JustDrawTests.xctest */ = {isa = PBXFileReference; explicitFileType = wrapper.cfbundle; includeInIndex = 0; path = JustDrawTests.xctest; sourceTree = BUILT_PRODUCTS_DIR; };
		395CE14F20985F05004B5212 /* JustDrawTests.swift */ = {isa = PBXFileReference; lastKnownFileType = sourcecode.swift; path = JustDrawTests.swift; sourceTree = "<group>"; };
		395CE15120985F05004B5212 /* Info.plist */ = {isa = PBXFileReference; lastKnownFileType = text.plist.xml; path = Info.plist; sourceTree = "<group>"; };
		395CE15620985F05004B5212 /* JustDrawUITests.xctest */ = {isa = PBXFileReference; explicitFileType = wrapper.cfbundle; includeInIndex = 0; path = JustDrawUITests.xctest; sourceTree = BUILT_PRODUCTS_DIR; };
		395CE15A20985F05004B5212 /* JustDrawUITests.swift */ = {isa = PBXFileReference; lastKnownFileType = sourcecode.swift; path = JustDrawUITests.swift; sourceTree = "<group>"; };
		395CE15C20985F05004B5212 /* Info.plist */ = {isa = PBXFileReference; lastKnownFileType = text.plist.xml; path = Info.plist; sourceTree = "<group>"; };
		395CE16E20985F6C004B5212 /* GoogleService-Info.plist */ = {isa = PBXFileReference; fileEncoding = 4; lastKnownFileType = text.plist.xml; path = "GoogleService-Info.plist"; sourceTree = "<group>"; };
		395CE175209860D9004B5212 /* TShirt.swift */ = {isa = PBXFileReference; lastKnownFileType = sourcecode.swift; path = TShirt.swift; sourceTree = "<group>"; };
		395CE17720986116004B5212 /* MainViewController.swift */ = {isa = PBXFileReference; lastKnownFileType = sourcecode.swift; path = MainViewController.swift; sourceTree = "<group>"; };
		395CE1792098613F004B5212 /* CartViewController.swift */ = {isa = PBXFileReference; lastKnownFileType = sourcecode.swift; path = CartViewController.swift; sourceTree = "<group>"; };
		395CE17C2098644D004B5212 /* Constant.swift */ = {isa = PBXFileReference; lastKnownFileType = sourcecode.swift; path = Constant.swift; sourceTree = "<group>"; };
		395CE17E209864F6004B5212 /* TShirtDetail.storyboard */ = {isa = PBXFileReference; lastKnownFileType = file.storyboard; path = TShirtDetail.storyboard; sourceTree = "<group>"; };
		395CE18E20986698004B5212 /* ActivityIndicatorService.swift */ = {isa = PBXFileReference; fileEncoding = 4; lastKnownFileType = sourcecode.swift; path = ActivityIndicatorService.swift; sourceTree = "<group>"; };
		395CE19320986EB3004B5212 /* NRStorageProvider.swift */ = {isa = PBXFileReference; fileEncoding = 4; lastKnownFileType = sourcecode.swift; path = NRStorageProvider.swift; sourceTree = "<group>"; };
		395CE19420986EB3004B5212 /* NRFirebaseTarget.swift */ = {isa = PBXFileReference; fileEncoding = 4; lastKnownFileType = sourcecode.swift; path = NRFirebaseTarget.swift; sourceTree = "<group>"; };
		395CE19520986EB3004B5212 /* NRDatabaseRequest.swift */ = {isa = PBXFileReference; fileEncoding = 4; lastKnownFileType = sourcecode.swift; path = NRDatabaseRequest.swift; sourceTree = "<group>"; };
		395CE19620986EB3004B5212 /* NRFirebaseTask.swift */ = {isa = PBXFileReference; fileEncoding = 4; lastKnownFileType = sourcecode.swift; path = NRFirebaseTask.swift; sourceTree = "<group>"; };
		395CE19720986EB3004B5212 /* NRDatabaseProvider.swift */ = {isa = PBXFileReference; fileEncoding = 4; lastKnownFileType = sourcecode.swift; path = NRDatabaseProvider.swift; sourceTree = "<group>"; };
		395CE19820986EB4004B5212 /* NRDatabaseResponse.swift */ = {isa = PBXFileReference; fileEncoding = 4; lastKnownFileType = sourcecode.swift; path = NRDatabaseResponse.swift; sourceTree = "<group>"; };
		395CE19920986EB4004B5212 /* NRStorageResponse.swift */ = {isa = PBXFileReference; fileEncoding = 4; lastKnownFileType = sourcecode.swift; path = NRStorageResponse.swift; sourceTree = "<group>"; };
		395CE19A20986EB4004B5212 /* NRError.swift */ = {isa = PBXFileReference; fileEncoding = 4; lastKnownFileType = sourcecode.swift; path = NRError.swift; sourceTree = "<group>"; };
		395CE19B20986EB4004B5212 /* NRStorageRequest.swift */ = {isa = PBXFileReference; fileEncoding = 4; lastKnownFileType = sourcecode.swift; path = NRStorageRequest.swift; sourceTree = "<group>"; };
		395CE1A6209870E5004B5212 /* FirebaseEndPoint.swift */ = {isa = PBXFileReference; lastKnownFileType = sourcecode.swift; path = FirebaseEndPoint.swift; sourceTree = "<group>"; };
		395CE1A82098743D004B5212 /* TShirtViewModel.swift */ = {isa = PBXFileReference; lastKnownFileType = sourcecode.swift; path = TShirtViewModel.swift; sourceTree = "<group>"; };
		523EDEC460A4D635A5A7FC4F /* Pods-JustDrawUITests.debug.xcconfig */ = {isa = PBXFileReference; includeInIndex = 1; lastKnownFileType = text.xcconfig; name = "Pods-JustDrawUITests.debug.xcconfig"; path = "Pods/Target Support Files/Pods-JustDrawUITests/Pods-JustDrawUITests.debug.xcconfig"; sourceTree = "<group>"; };
		6CA09F3DF82735230DA4B54F /* Pods-JustDraw.release.xcconfig */ = {isa = PBXFileReference; includeInIndex = 1; lastKnownFileType = text.xcconfig; name = "Pods-JustDraw.release.xcconfig"; path = "Pods/Target Support Files/Pods-JustDraw/Pods-JustDraw.release.xcconfig"; sourceTree = "<group>"; };
		6EE619FDEACF56C18A2A9C14 /* Pods_JustDraw.framework */ = {isa = PBXFileReference; explicitFileType = wrapper.framework; includeInIndex = 0; path = Pods_JustDraw.framework; sourceTree = BUILT_PRODUCTS_DIR; };
		7B31816026EDDAF1936C3FF2 /* Pods-JustDrawTests.debug.xcconfig */ = {isa = PBXFileReference; includeInIndex = 1; lastKnownFileType = text.xcconfig; name = "Pods-JustDrawTests.debug.xcconfig"; path = "Pods/Target Support Files/Pods-JustDrawTests/Pods-JustDrawTests.debug.xcconfig"; sourceTree = "<group>"; };
		9A75A2B9357897B0832FBCB4 /* Pods-JustDrawUITests.release.xcconfig */ = {isa = PBXFileReference; includeInIndex = 1; lastKnownFileType = text.xcconfig; name = "Pods-JustDrawUITests.release.xcconfig"; path = "Pods/Target Support Files/Pods-JustDrawUITests/Pods-JustDrawUITests.release.xcconfig"; sourceTree = "<group>"; };
		B3A29B4FBED1593A5404D3CC /* Pods_JustDrawTests.framework */ = {isa = PBXFileReference; explicitFileType = wrapper.framework; includeInIndex = 0; path = Pods_JustDrawTests.framework; sourceTree = BUILT_PRODUCTS_DIR; };
		CB093AD448A292830F6DD0B8 /* Pods_JustDrawUITests.framework */ = {isa = PBXFileReference; explicitFileType = wrapper.framework; includeInIndex = 0; path = Pods_JustDrawUITests.framework; sourceTree = BUILT_PRODUCTS_DIR; };
		DB3E3A13FBC6951D460B8242 /* Pods-JustDrawTests.release.xcconfig */ = {isa = PBXFileReference; includeInIndex = 1; lastKnownFileType = text.xcconfig; name = "Pods-JustDrawTests.release.xcconfig"; path = "Pods/Target Support Files/Pods-JustDrawTests/Pods-JustDrawTests.release.xcconfig"; sourceTree = "<group>"; };
		F3FC51660F14D4FF5856C039 /* Pods-JustDraw.debug.xcconfig */ = {isa = PBXFileReference; includeInIndex = 1; lastKnownFileType = text.xcconfig; name = "Pods-JustDraw.debug.xcconfig"; path = "Pods/Target Support Files/Pods-JustDraw/Pods-JustDraw.debug.xcconfig"; sourceTree = "<group>"; };
/* End PBXFileReference section */

/* Begin PBXFrameworksBuildPhase section */
		395CE13120985F04004B5212 /* Frameworks */ = {
			isa = PBXFrameworksBuildPhase;
			buildActionMask = 2147483647;
			files = (
				C3A10015A659AEBD5B2A1201 /* Pods_JustDraw.framework in Frameworks */,
			);
			runOnlyForDeploymentPostprocessing = 0;
		};
		395CE14820985F05004B5212 /* Frameworks */ = {
			isa = PBXFrameworksBuildPhase;
			buildActionMask = 2147483647;
			files = (
				E0AE675A3BC0598950F47708 /* Pods_JustDrawTests.framework in Frameworks */,
			);
			runOnlyForDeploymentPostprocessing = 0;
		};
		395CE15320985F05004B5212 /* Frameworks */ = {
			isa = PBXFrameworksBuildPhase;
			buildActionMask = 2147483647;
			files = (
				BBBFE6D68B8ACCC95639380F /* Pods_JustDrawUITests.framework in Frameworks */,
			);
			runOnlyForDeploymentPostprocessing = 0;
		};
/* End PBXFrameworksBuildPhase section */

/* Begin PBXGroup section */
		395CE12B20985F04004B5212 = {
			isa = PBXGroup;
			children = (
				395CE13620985F04004B5212 /* JustDraw */,
				395CE14E20985F05004B5212 /* JustDrawTests */,
				395CE15920985F05004B5212 /* JustDrawUITests */,
				395CE13520985F04004B5212 /* Products */,
				3D20ECF4BBE89A20CAA28FDE /* Pods */,
				B145FC5F4A321597B45E2A44 /* Frameworks */,
			);
			sourceTree = "<group>";
		};
		395CE13520985F04004B5212 /* Products */ = {
			isa = PBXGroup;
			children = (
				395CE13420985F04004B5212 /* JustDraw.app */,
				395CE14B20985F05004B5212 /* JustDrawTests.xctest */,
				395CE15620985F05004B5212 /* JustDrawUITests.xctest */,
			);
			name = Products;
			sourceTree = "<group>";
		};
		395CE13620985F04004B5212 /* JustDraw */ = {
			isa = PBXGroup;
			children = (
				395CE16820985F1B004B5212 /* Application */,
				395CE16B20985F46004B5212 /* Shared */,
				395CE16A20985F37004B5212 /* StoryBoards */,
				395CE1842098654F004B5212 /* Views */,
				395CE16920985F24004B5212 /* ViewControllers */,
				395CE17020986037004B5212 /* Models */,
				395CE17120986041004B5212 /* ViewModels */,
				395CE14120985F05004B5212 /* Assets.xcassets */,
				395CE14320985F05004B5212 /* LaunchScreen.storyboard */,
				395CE14620985F05004B5212 /* Info.plist */,
				395CE13E20985F04004B5212 /* JustDraw.xcdatamodeld */,
			);
			path = JustDraw;
			sourceTree = "<group>";
		};
		395CE14E20985F05004B5212 /* JustDrawTests */ = {
			isa = PBXGroup;
			children = (
				395CE14F20985F05004B5212 /* JustDrawTests.swift */,
				395CE15120985F05004B5212 /* Info.plist */,
			);
			path = JustDrawTests;
			sourceTree = "<group>";
		};
		395CE15920985F05004B5212 /* JustDrawUITests */ = {
			isa = PBXGroup;
			children = (
				395CE15A20985F05004B5212 /* JustDrawUITests.swift */,
				395CE15C20985F05004B5212 /* Info.plist */,
			);
			path = JustDrawUITests;
			sourceTree = "<group>";
		};
		395CE16820985F1B004B5212 /* Application */ = {
			isa = PBXGroup;
			children = (
				395CE13720985F04004B5212 /* AppDelegate.swift */,
			);
			path = Application;
			sourceTree = "<group>";
		};
		395CE16920985F24004B5212 /* ViewControllers */ = {
			isa = PBXGroup;
			children = (
				395CE18220986526004B5212 /* HomePage */,
				395CE1832098652F004B5212 /* DetailPage */,
				395CE1812098651E004B5212 /* UserProfile */,
				395CE18020986515004B5212 /* Payment */,
			);
			path = ViewControllers;
			sourceTree = "<group>";
		};
		395CE16A20985F37004B5212 /* StoryBoards */ = {
			isa = PBXGroup;
			children = (
				395CE13B20985F04004B5212 /* Main.storyboard */,
				395CE17E209864F6004B5212 /* TShirtDetail.storyboard */,
			);
			path = StoryBoards;
			sourceTree = "<group>";
		};
		395CE16B20985F46004B5212 /* Shared */ = {
			isa = PBXGroup;
			children = (
				395CE1A5209870BE004B5212 /* Providers */,
				395CE19120986E95004B5212 /* Libraries */,
				395CE18D20986670004B5212 /* Services */,
				395CE17B20986440004B5212 /* Constant */,
				395CE16C20985F4E004B5212 /* Resources */,
			);
			path = Shared;
			sourceTree = "<group>";
		};
		395CE16C20985F4E004B5212 /* Resources */ = {
			isa = PBXGroup;
			children = (
				395CE16D20985F57004B5212 /* Firebase */,
			);
			path = Resources;
			sourceTree = "<group>";
		};
		395CE16D20985F57004B5212 /* Firebase */ = {
			isa = PBXGroup;
			children = (
				395CE16E20985F6C004B5212 /* GoogleService-Info.plist */,
			);
			path = Firebase;
			sourceTree = "<group>";
		};
		395CE17020986037004B5212 /* Models */ = {
			isa = PBXGroup;
			children = (
				395CE175209860D9004B5212 /* TShirt.swift */,
			);
			path = Models;
			sourceTree = "<group>";
		};
		395CE17120986041004B5212 /* ViewModels */ = {
			isa = PBXGroup;
			children = (
				395CE18C209865BD004B5212 /* UserProfileViewModel */,
				395CE18B209865B3004B5212 /* PaymentViewModel */,
				395CE18820986596004B5212 /* TShirtViewModel */,
				395CE18720986589004B5212 /* HomeViewModel */,
			);
			path = ViewModels;
			sourceTree = "<group>";
		};
		395CE17B20986440004B5212 /* Constant */ = {
			isa = PBXGroup;
			children = (
				395CE17C2098644D004B5212 /* Constant.swift */,
			);
			path = Constant;
			sourceTree = "<group>";
		};
		395CE18020986515004B5212 /* Payment */ = {
			isa = PBXGroup;
			children = (
				395CE1792098613F004B5212 /* CartViewController.swift */,
			);
			path = Payment;
			sourceTree = "<group>";
		};
		395CE1812098651E004B5212 /* UserProfile */ = {
			isa = PBXGroup;
			children = (
			);
			path = UserProfile;
			sourceTree = "<group>";
		};
		395CE18220986526004B5212 /* HomePage */ = {
			isa = PBXGroup;
			children = (
				395CE17720986116004B5212 /* MainViewController.swift */,
			);
			path = HomePage;
			sourceTree = "<group>";
		};
		395CE1832098652F004B5212 /* DetailPage */ = {
			isa = PBXGroup;
			children = (
			);
			path = DetailPage;
			sourceTree = "<group>";
		};
		395CE1842098654F004B5212 /* Views */ = {
			isa = PBXGroup;
			children = (
				395CE1852098655D004B5212 /* TableViewCell */,
				395CE1862098656D004B5212 /* CollectionViewCell */,
			);
			path = Views;
			sourceTree = "<group>";
		};
		395CE1852098655D004B5212 /* TableViewCell */ = {
			isa = PBXGroup;
			children = (
			);
			path = TableViewCell;
			sourceTree = "<group>";
		};
		395CE1862098656D004B5212 /* CollectionViewCell */ = {
			isa = PBXGroup;
			children = (
			);
			path = CollectionViewCell;
			sourceTree = "<group>";
		};
		395CE18720986589004B5212 /* HomeViewModel */ = {
			isa = PBXGroup;
			children = (
			);
			path = HomeViewModel;
			sourceTree = "<group>";
		};
		395CE18820986596004B5212 /* TShirtViewModel */ = {
			isa = PBXGroup;
			children = (
				395CE1A82098743D004B5212 /* TShirtViewModel.swift */,
			);
			path = TShirtViewModel;
			sourceTree = "<group>";
		};
		395CE18B209865B3004B5212 /* PaymentViewModel */ = {
			isa = PBXGroup;
			children = (
			);
			path = PaymentViewModel;
			sourceTree = "<group>";
		};
		395CE18C209865BD004B5212 /* UserProfileViewModel */ = {
			isa = PBXGroup;
			children = (
			);
			path = UserProfileViewModel;
			sourceTree = "<group>";
		};
		395CE18D20986670004B5212 /* Services */ = {
			isa = PBXGroup;
			children = (
				395CE18E20986698004B5212 /* ActivityIndicatorService.swift */,
			);
			path = Services;
			sourceTree = "<group>";
		};
		395CE19120986E95004B5212 /* Libraries */ = {
			isa = PBXGroup;
			children = (
				395CE19220986E9C004B5212 /* Nora */,
			);
			path = Libraries;
			sourceTree = "<group>";
		};
		395CE19220986E9C004B5212 /* Nora */ = {
			isa = PBXGroup;
			children = (
				395CE19720986EB3004B5212 /* NRDatabaseProvider.swift */,
				395CE19520986EB3004B5212 /* NRDatabaseRequest.swift */,
				395CE19820986EB4004B5212 /* NRDatabaseResponse.swift */,
				395CE19A20986EB4004B5212 /* NRError.swift */,
				395CE19420986EB3004B5212 /* NRFirebaseTarget.swift */,
				395CE19620986EB3004B5212 /* NRFirebaseTask.swift */,
				395CE19320986EB3004B5212 /* NRStorageProvider.swift */,
				395CE19B20986EB4004B5212 /* NRStorageRequest.swift */,
				395CE19920986EB4004B5212 /* NRStorageResponse.swift */,
			);
			path = Nora;
			sourceTree = "<group>";
		};
		395CE1A5209870BE004B5212 /* Providers */ = {
			isa = PBXGroup;
			children = (
				395CE1A6209870E5004B5212 /* FirebaseEndPoint.swift */,
			);
			path = Providers;
			sourceTree = "<group>";
		};
		3D20ECF4BBE89A20CAA28FDE /* Pods */ = {
			isa = PBXGroup;
			children = (
				F3FC51660F14D4FF5856C039 /* Pods-JustDraw.debug.xcconfig */,
				6CA09F3DF82735230DA4B54F /* Pods-JustDraw.release.xcconfig */,
				7B31816026EDDAF1936C3FF2 /* Pods-JustDrawTests.debug.xcconfig */,
				DB3E3A13FBC6951D460B8242 /* Pods-JustDrawTests.release.xcconfig */,
				523EDEC460A4D635A5A7FC4F /* Pods-JustDrawUITests.debug.xcconfig */,
				9A75A2B9357897B0832FBCB4 /* Pods-JustDrawUITests.release.xcconfig */,
			);
			name = Pods;
			sourceTree = "<group>";
		};
		B145FC5F4A321597B45E2A44 /* Frameworks */ = {
			isa = PBXGroup;
			children = (
				6EE619FDEACF56C18A2A9C14 /* Pods_JustDraw.framework */,
				B3A29B4FBED1593A5404D3CC /* Pods_JustDrawTests.framework */,
				CB093AD448A292830F6DD0B8 /* Pods_JustDrawUITests.framework */,
			);
			name = Frameworks;
			sourceTree = "<group>";
		};
/* End PBXGroup section */

/* Begin PBXNativeTarget section */
		395CE13320985F04004B5212 /* JustDraw */ = {
			isa = PBXNativeTarget;
			buildConfigurationList = 395CE15F20985F05004B5212 /* Build configuration list for PBXNativeTarget "JustDraw" */;
			buildPhases = (
				4B503A31DFA2086D10758F0A /* [CP] Check Pods Manifest.lock */,
				395CE13020985F04004B5212 /* Sources */,
				395CE13120985F04004B5212 /* Frameworks */,
				395CE13220985F04004B5212 /* Resources */,
				598C0B3772845AC4596CF959 /* [CP] Embed Pods Frameworks */,
			);
			buildRules = (
			);
			dependencies = (
			);
			name = JustDraw;
			productName = JustDraw;
			productReference = 395CE13420985F04004B5212 /* JustDraw.app */;
			productType = "com.apple.product-type.application";
		};
		395CE14A20985F05004B5212 /* JustDrawTests */ = {
			isa = PBXNativeTarget;
			buildConfigurationList = 395CE16220985F05004B5212 /* Build configuration list for PBXNativeTarget "JustDrawTests" */;
			buildPhases = (
				300B8C4D83BF2BE3FA364450 /* [CP] Check Pods Manifest.lock */,
				395CE14720985F05004B5212 /* Sources */,
				395CE14820985F05004B5212 /* Frameworks */,
				395CE14920985F05004B5212 /* Resources */,
			);
			buildRules = (
			);
			dependencies = (
				395CE14D20985F05004B5212 /* PBXTargetDependency */,
			);
			name = JustDrawTests;
			productName = JustDrawTests;
			productReference = 395CE14B20985F05004B5212 /* JustDrawTests.xctest */;
			productType = "com.apple.product-type.bundle.unit-test";
		};
		395CE15520985F05004B5212 /* JustDrawUITests */ = {
			isa = PBXNativeTarget;
			buildConfigurationList = 395CE16520985F05004B5212 /* Build configuration list for PBXNativeTarget "JustDrawUITests" */;
			buildPhases = (
				9F7CA633DD3E0EDD8CDA4DD7 /* [CP] Check Pods Manifest.lock */,
				395CE15220985F05004B5212 /* Sources */,
				395CE15320985F05004B5212 /* Frameworks */,
				395CE15420985F05004B5212 /* Resources */,
			);
			buildRules = (
			);
			dependencies = (
				395CE15820985F05004B5212 /* PBXTargetDependency */,
			);
			name = JustDrawUITests;
			productName = JustDrawUITests;
			productReference = 395CE15620985F05004B5212 /* JustDrawUITests.xctest */;
			productType = "com.apple.product-type.bundle.ui-testing";
		};
/* End PBXNativeTarget section */

/* Begin PBXProject section */
		395CE12C20985F04004B5212 /* Project object */ = {
			isa = PBXProject;
			attributes = {
				LastSwiftUpdateCheck = 0930;
				LastUpgradeCheck = 0930;
				ORGANIZATIONNAME = TranQuocBao;
				TargetAttributes = {
					395CE13320985F04004B5212 = {
						CreatedOnToolsVersion = 9.3;
					};
					395CE14A20985F05004B5212 = {
						CreatedOnToolsVersion = 9.3;
						TestTargetID = 395CE13320985F04004B5212;
					};
					395CE15520985F05004B5212 = {
						CreatedOnToolsVersion = 9.3;
						TestTargetID = 395CE13320985F04004B5212;
					};
				};
			};
			buildConfigurationList = 395CE12F20985F04004B5212 /* Build configuration list for PBXProject "JustDraw" */;
			compatibilityVersion = "Xcode 9.3";
			developmentRegion = en;
			hasScannedForEncodings = 0;
			knownRegions = (
				en,
				Base,
			);
			mainGroup = 395CE12B20985F04004B5212;
			productRefGroup = 395CE13520985F04004B5212 /* Products */;
			projectDirPath = "";
			projectRoot = "";
			targets = (
				395CE13320985F04004B5212 /* JustDraw */,
				395CE14A20985F05004B5212 /* JustDrawTests */,
				395CE15520985F05004B5212 /* JustDrawUITests */,
			);
		};
/* End PBXProject section */

/* Begin PBXResourcesBuildPhase section */
		395CE13220985F04004B5212 /* Resources */ = {
			isa = PBXResourcesBuildPhase;
			buildActionMask = 2147483647;
			files = (
				395CE17F209864F6004B5212 /* TShirtDetail.storyboard in Resources */,
				395CE14520985F05004B5212 /* LaunchScreen.storyboard in Resources */,
				395CE16F20985F6C004B5212 /* GoogleService-Info.plist in Resources */,
				395CE14220985F05004B5212 /* Assets.xcassets in Resources */,
				395CE13D20985F04004B5212 /* Main.storyboard in Resources */,
			);
			runOnlyForDeploymentPostprocessing = 0;
		};
		395CE14920985F05004B5212 /* Resources */ = {
			isa = PBXResourcesBuildPhase;
			buildActionMask = 2147483647;
			files = (
			);
			runOnlyForDeploymentPostprocessing = 0;
		};
		395CE15420985F05004B5212 /* Resources */ = {
			isa = PBXResourcesBuildPhase;
			buildActionMask = 2147483647;
			files = (
			);
			runOnlyForDeploymentPostprocessing = 0;
		};
/* End PBXResourcesBuildPhase section */

/* Begin PBXShellScriptBuildPhase section */
		300B8C4D83BF2BE3FA364450 /* [CP] Check Pods Manifest.lock */ = {
			isa = PBXShellScriptBuildPhase;
			buildActionMask = 2147483647;
			files = (
			);
			inputPaths = (
				"${PODS_PODFILE_DIR_PATH}/Podfile.lock",
				"${PODS_ROOT}/Manifest.lock",
			);
			name = "[CP] Check Pods Manifest.lock";
			outputPaths = (
				"$(DERIVED_FILE_DIR)/Pods-JustDrawTests-checkManifestLockResult.txt",
			);
			runOnlyForDeploymentPostprocessing = 0;
			shellPath = /bin/sh;
			shellScript = "diff \"${PODS_PODFILE_DIR_PATH}/Podfile.lock\" \"${PODS_ROOT}/Manifest.lock\" > /dev/null\nif [ $? != 0 ] ; then\n    # print error to STDERR\n    echo \"error: The sandbox is not in sync with the Podfile.lock. Run 'pod install' or update your CocoaPods installation.\" >&2\n    exit 1\nfi\n# This output is used by Xcode 'outputs' to avoid re-running this script phase.\necho \"SUCCESS\" > \"${SCRIPT_OUTPUT_FILE_0}\"\n";
			showEnvVarsInLog = 0;
		};
		4B503A31DFA2086D10758F0A /* [CP] Check Pods Manifest.lock */ = {
			isa = PBXShellScriptBuildPhase;
			buildActionMask = 2147483647;
			files = (
			);
			inputPaths = (
				"${PODS_PODFILE_DIR_PATH}/Podfile.lock",
				"${PODS_ROOT}/Manifest.lock",
			);
			name = "[CP] Check Pods Manifest.lock";
			outputPaths = (
				"$(DERIVED_FILE_DIR)/Pods-JustDraw-checkManifestLockResult.txt",
			);
			runOnlyForDeploymentPostprocessing = 0;
			shellPath = /bin/sh;
			shellScript = "diff \"${PODS_PODFILE_DIR_PATH}/Podfile.lock\" \"${PODS_ROOT}/Manifest.lock\" > /dev/null\nif [ $? != 0 ] ; then\n    # print error to STDERR\n    echo \"error: The sandbox is not in sync with the Podfile.lock. Run 'pod install' or update your CocoaPods installation.\" >&2\n    exit 1\nfi\n# This output is used by Xcode 'outputs' to avoid re-running this script phase.\necho \"SUCCESS\" > \"${SCRIPT_OUTPUT_FILE_0}\"\n";
			showEnvVarsInLog = 0;
		};
		598C0B3772845AC4596CF959 /* [CP] Embed Pods Frameworks */ = {
			isa = PBXShellScriptBuildPhase;
			buildActionMask = 2147483647;
			files = (
			);
			inputPaths = (
				"${SRCROOT}/Pods/Target Support Files/Pods-JustDraw/Pods-JustDraw-frameworks.sh",
				"${BUILT_PRODUCTS_DIR}/Alamofire/Alamofire.framework",
				"${BUILT_PRODUCTS_DIR}/Bolts/Bolts.framework",
				"${BUILT_PRODUCTS_DIR}/CarbonKit/CarbonKit.framework",
				"${BUILT_PRODUCTS_DIR}/Device/Device.framework",
				"${BUILT_PRODUCTS_DIR}/Differentiator/Differentiator.framework",
				"${BUILT_PRODUCTS_DIR}/DropDown/DropDown.framework",
				"${BUILT_PRODUCTS_DIR}/FBSDKCoreKit/FBSDKCoreKit.framework",
				"${BUILT_PRODUCTS_DIR}/GTMSessionFetcher/GTMSessionFetcher.framework",
				"${BUILT_PRODUCTS_DIR}/GoogleToolboxForMac/GoogleToolboxForMac.framework",
				"${BUILT_PRODUCTS_DIR}/IQKeyboardManagerSwift/IQKeyboardManagerSwift.framework",
				"${BUILT_PRODUCTS_DIR}/Kingfisher/Kingfisher.framework",
				"${BUILT_PRODUCTS_DIR}/Moya/Moya.framework",
				"${BUILT_PRODUCTS_DIR}/PKHUD/PKHUD.framework",
				"${BUILT_PRODUCTS_DIR}/Protobuf/Protobuf.framework",
				"${BUILT_PRODUCTS_DIR}/ReachabilitySwift/Reachability.framework",
				"${BUILT_PRODUCTS_DIR}/Realm/Realm.framework",
				"${BUILT_PRODUCTS_DIR}/RealmSwift/RealmSwift.framework",
				"${BUILT_PRODUCTS_DIR}/Result/Result.framework",
				"${BUILT_PRODUCTS_DIR}/RxCocoa/RxCocoa.framework",
				"${BUILT_PRODUCTS_DIR}/RxDataSources/RxDataSources.framework",
				"${BUILT_PRODUCTS_DIR}/RxSwift/RxSwift.framework",
				"${BUILT_PRODUCTS_DIR}/SnapKit/SnapKit.framework",
				"${BUILT_PRODUCTS_DIR}/leveldb-library/leveldb.framework",
				"${BUILT_PRODUCTS_DIR}/nanopb/nanopb.framework",
				"${BUILT_PRODUCTS_DIR}/youtube-ios-player-helper/youtube_ios_player_helper.framework",
			);
			name = "[CP] Embed Pods Frameworks";
			outputPaths = (
				"${TARGET_BUILD_DIR}/${FRAMEWORKS_FOLDER_PATH}/Alamofire.framework",
				"${TARGET_BUILD_DIR}/${FRAMEWORKS_FOLDER_PATH}/Bolts.framework",
				"${TARGET_BUILD_DIR}/${FRAMEWORKS_FOLDER_PATH}/CarbonKit.framework",
				"${TARGET_BUILD_DIR}/${FRAMEWORKS_FOLDER_PATH}/Device.framework",
				"${TARGET_BUILD_DIR}/${FRAMEWORKS_FOLDER_PATH}/Differentiator.framework",
				"${TARGET_BUILD_DIR}/${FRAMEWORKS_FOLDER_PATH}/DropDown.framework",
				"${TARGET_BUILD_DIR}/${FRAMEWORKS_FOLDER_PATH}/FBSDKCoreKit.framework",
				"${TARGET_BUILD_DIR}/${FRAMEWORKS_FOLDER_PATH}/GTMSessionFetcher.framework",
				"${TARGET_BUILD_DIR}/${FRAMEWORKS_FOLDER_PATH}/GoogleToolboxForMac.framework",
				"${TARGET_BUILD_DIR}/${FRAMEWORKS_FOLDER_PATH}/IQKeyboardManagerSwift.framework",
				"${TARGET_BUILD_DIR}/${FRAMEWORKS_FOLDER_PATH}/Kingfisher.framework",
				"${TARGET_BUILD_DIR}/${FRAMEWORKS_FOLDER_PATH}/Moya.framework",
				"${TARGET_BUILD_DIR}/${FRAMEWORKS_FOLDER_PATH}/PKHUD.framework",
				"${TARGET_BUILD_DIR}/${FRAMEWORKS_FOLDER_PATH}/Protobuf.framework",
				"${TARGET_BUILD_DIR}/${FRAMEWORKS_FOLDER_PATH}/Reachability.framework",
				"${TARGET_BUILD_DIR}/${FRAMEWORKS_FOLDER_PATH}/Realm.framework",
				"${TARGET_BUILD_DIR}/${FRAMEWORKS_FOLDER_PATH}/RealmSwift.framework",
				"${TARGET_BUILD_DIR}/${FRAMEWORKS_FOLDER_PATH}/Result.framework",
				"${TARGET_BUILD_DIR}/${FRAMEWORKS_FOLDER_PATH}/RxCocoa.framework",
				"${TARGET_BUILD_DIR}/${FRAMEWORKS_FOLDER_PATH}/RxDataSources.framework",
				"${TARGET_BUILD_DIR}/${FRAMEWORKS_FOLDER_PATH}/RxSwift.framework",
				"${TARGET_BUILD_DIR}/${FRAMEWORKS_FOLDER_PATH}/SnapKit.framework",
				"${TARGET_BUILD_DIR}/${FRAMEWORKS_FOLDER_PATH}/leveldb.framework",
				"${TARGET_BUILD_DIR}/${FRAMEWORKS_FOLDER_PATH}/nanopb.framework",
				"${TARGET_BUILD_DIR}/${FRAMEWORKS_FOLDER_PATH}/youtube_ios_player_helper.framework",
			);
			runOnlyForDeploymentPostprocessing = 0;
			shellPath = /bin/sh;
			shellScript = "\"${SRCROOT}/Pods/Target Support Files/Pods-JustDraw/Pods-JustDraw-frameworks.sh\"\n";
			showEnvVarsInLog = 0;
		};
		9F7CA633DD3E0EDD8CDA4DD7 /* [CP] Check Pods Manifest.lock */ = {
			isa = PBXShellScriptBuildPhase;
			buildActionMask = 2147483647;
			files = (
			);
			inputPaths = (
				"${PODS_PODFILE_DIR_PATH}/Podfile.lock",
				"${PODS_ROOT}/Manifest.lock",
			);
			name = "[CP] Check Pods Manifest.lock";
			outputPaths = (
				"$(DERIVED_FILE_DIR)/Pods-JustDrawUITests-checkManifestLockResult.txt",
			);
			runOnlyForDeploymentPostprocessing = 0;
			shellPath = /bin/sh;
			shellScript = "diff \"${PODS_PODFILE_DIR_PATH}/Podfile.lock\" \"${PODS_ROOT}/Manifest.lock\" > /dev/null\nif [ $? != 0 ] ; then\n    # print error to STDERR\n    echo \"error: The sandbox is not in sync with the Podfile.lock. Run 'pod install' or update your CocoaPods installation.\" >&2\n    exit 1\nfi\n# This output is used by Xcode 'outputs' to avoid re-running this script phase.\necho \"SUCCESS\" > \"${SCRIPT_OUTPUT_FILE_0}\"\n";
			showEnvVarsInLog = 0;
		};
/* End PBXShellScriptBuildPhase section */

/* Begin PBXSourcesBuildPhase section */
		395CE13020985F04004B5212 /* Sources */ = {
			isa = PBXSourcesBuildPhase;
			buildActionMask = 2147483647;
			files = (
				395CE1A220986EB4004B5212 /* NRStorageResponse.swift in Sources */,
				395CE1A7209870E5004B5212 /* FirebaseEndPoint.swift in Sources */,
				395CE1A92098743D004B5212 /* TShirtViewModel.swift in Sources */,
				395CE1A320986EB4004B5212 /* NRError.swift in Sources */,
				395CE176209860D9004B5212 /* TShirt.swift in Sources */,
				395CE14020985F04004B5212 /* JustDraw.xcdatamodeld in Sources */,
				395CE19F20986EB4004B5212 /* NRFirebaseTask.swift in Sources */,
				395CE19D20986EB4004B5212 /* NRFirebaseTarget.swift in Sources */,
				395CE1A420986EB4004B5212 /* NRStorageRequest.swift in Sources */,
				395CE17A2098613F004B5212 /* CartViewController.swift in Sources */,
				395CE19E20986EB4004B5212 /* NRDatabaseRequest.swift in Sources */,
				395CE18F20986698004B5212 /* ActivityIndicatorService.swift in Sources */,
				395CE13820985F04004B5212 /* AppDelegate.swift in Sources */,
				395CE1A120986EB4004B5212 /* NRDatabaseResponse.swift in Sources */,
				395CE17820986116004B5212 /* MainViewController.swift in Sources */,
				395CE1A020986EB4004B5212 /* NRDatabaseProvider.swift in Sources */,
				395CE17D2098644D004B5212 /* Constant.swift in Sources */,
				395CE19C20986EB4004B5212 /* NRStorageProvider.swift in Sources */,
			);
			runOnlyForDeploymentPostprocessing = 0;
		};
		395CE14720985F05004B5212 /* Sources */ = {
			isa = PBXSourcesBuildPhase;
			buildActionMask = 2147483647;
			files = (
				395CE15020985F05004B5212 /* JustDrawTests.swift in Sources */,
			);
			runOnlyForDeploymentPostprocessing = 0;
		};
		395CE15220985F05004B5212 /* Sources */ = {
			isa = PBXSourcesBuildPhase;
			buildActionMask = 2147483647;
			files = (
				395CE15B20985F05004B5212 /* JustDrawUITests.swift in Sources */,
			);
			runOnlyForDeploymentPostprocessing = 0;
		};
/* End PBXSourcesBuildPhase section */

/* Begin PBXTargetDependency section */
		395CE14D20985F05004B5212 /* PBXTargetDependency */ = {
			isa = PBXTargetDependency;
			target = 395CE13320985F04004B5212 /* JustDraw */;
			targetProxy = 395CE14C20985F05004B5212 /* PBXContainerItemProxy */;
		};
		395CE15820985F05004B5212 /* PBXTargetDependency */ = {
			isa = PBXTargetDependency;
			target = 395CE13320985F04004B5212 /* JustDraw */;
			targetProxy = 395CE15720985F05004B5212 /* PBXContainerItemProxy */;
		};
/* End PBXTargetDependency section */

/* Begin PBXVariantGroup section */
		395CE13B20985F04004B5212 /* Main.storyboard */ = {
			isa = PBXVariantGroup;
			children = (
				395CE13C20985F04004B5212 /* Base */,
			);
			name = Main.storyboard;
			sourceTree = "<group>";
		};
		395CE14320985F05004B5212 /* LaunchScreen.storyboard */ = {
			isa = PBXVariantGroup;
			children = (
				395CE14420985F05004B5212 /* Base */,
			);
			name = LaunchScreen.storyboard;
			sourceTree = "<group>";
		};
/* End PBXVariantGroup section */

/* Begin XCBuildConfiguration section */
		395CE15D20985F05004B5212 /* Debug */ = {
			isa = XCBuildConfiguration;
			buildSettings = {
				ALWAYS_SEARCH_USER_PATHS = NO;
				CLANG_ANALYZER_NONNULL = YES;
				CLANG_ANALYZER_NUMBER_OBJECT_CONVERSION = YES_AGGRESSIVE;
				CLANG_CXX_LANGUAGE_STANDARD = "gnu++14";
				CLANG_CXX_LIBRARY = "libc++";
				CLANG_ENABLE_MODULES = YES;
				CLANG_ENABLE_OBJC_ARC = YES;
				CLANG_ENABLE_OBJC_WEAK = YES;
				CLANG_WARN_BLOCK_CAPTURE_AUTORELEASING = YES;
				CLANG_WARN_BOOL_CONVERSION = YES;
				CLANG_WARN_COMMA = YES;
				CLANG_WARN_CONSTANT_CONVERSION = YES;
				CLANG_WARN_DEPRECATED_OBJC_IMPLEMENTATIONS = YES;
				CLANG_WARN_DIRECT_OBJC_ISA_USAGE = YES_ERROR;
				CLANG_WARN_DOCUMENTATION_COMMENTS = YES;
				CLANG_WARN_EMPTY_BODY = YES;
				CLANG_WARN_ENUM_CONVERSION = YES;
				CLANG_WARN_INFINITE_RECURSION = YES;
				CLANG_WARN_INT_CONVERSION = YES;
				CLANG_WARN_NON_LITERAL_NULL_CONVERSION = YES;
				CLANG_WARN_OBJC_IMPLICIT_RETAIN_SELF = YES;
				CLANG_WARN_OBJC_LITERAL_CONVERSION = YES;
				CLANG_WARN_OBJC_ROOT_CLASS = YES_ERROR;
				CLANG_WARN_RANGE_LOOP_ANALYSIS = YES;
				CLANG_WARN_STRICT_PROTOTYPES = YES;
				CLANG_WARN_SUSPICIOUS_MOVE = YES;
				CLANG_WARN_UNGUARDED_AVAILABILITY = YES_AGGRESSIVE;
				CLANG_WARN_UNREACHABLE_CODE = YES;
				CLANG_WARN__DUPLICATE_METHOD_MATCH = YES;
				CODE_SIGN_IDENTITY = "iPhone Developer";
				COPY_PHASE_STRIP = NO;
				DEBUG_INFORMATION_FORMAT = dwarf;
				ENABLE_STRICT_OBJC_MSGSEND = YES;
				ENABLE_TESTABILITY = YES;
				GCC_C_LANGUAGE_STANDARD = gnu11;
				GCC_DYNAMIC_NO_PIC = NO;
				GCC_NO_COMMON_BLOCKS = YES;
				GCC_OPTIMIZATION_LEVEL = 0;
				GCC_PREPROCESSOR_DEFINITIONS = (
					"DEBUG=1",
					"$(inherited)",
				);
				GCC_WARN_64_TO_32_BIT_CONVERSION = YES;
				GCC_WARN_ABOUT_RETURN_TYPE = YES_ERROR;
				GCC_WARN_UNDECLARED_SELECTOR = YES;
				GCC_WARN_UNINITIALIZED_AUTOS = YES_AGGRESSIVE;
				GCC_WARN_UNUSED_FUNCTION = YES;
				GCC_WARN_UNUSED_VARIABLE = YES;
				IPHONEOS_DEPLOYMENT_TARGET = 11.3;
				MTL_ENABLE_DEBUG_INFO = YES;
				ONLY_ACTIVE_ARCH = YES;
				SDKROOT = iphoneos;
				SWIFT_ACTIVE_COMPILATION_CONDITIONS = DEBUG;
				SWIFT_OPTIMIZATION_LEVEL = "-Onone";
			};
			name = Debug;
		};
		395CE15E20985F05004B5212 /* Release */ = {
			isa = XCBuildConfiguration;
			buildSettings = {
				ALWAYS_SEARCH_USER_PATHS = NO;
				CLANG_ANALYZER_NONNULL = YES;
				CLANG_ANALYZER_NUMBER_OBJECT_CONVERSION = YES_AGGRESSIVE;
				CLANG_CXX_LANGUAGE_STANDARD = "gnu++14";
				CLANG_CXX_LIBRARY = "libc++";
				CLANG_ENABLE_MODULES = YES;
				CLANG_ENABLE_OBJC_ARC = YES;
				CLANG_ENABLE_OBJC_WEAK = YES;
				CLANG_WARN_BLOCK_CAPTURE_AUTORELEASING = YES;
				CLANG_WARN_BOOL_CONVERSION = YES;
				CLANG_WARN_COMMA = YES;
				CLANG_WARN_CONSTANT_CONVERSION = YES;
				CLANG_WARN_DEPRECATED_OBJC_IMPLEMENTATIONS = YES;
				CLANG_WARN_DIRECT_OBJC_ISA_USAGE = YES_ERROR;
				CLANG_WARN_DOCUMENTATION_COMMENTS = YES;
				CLANG_WARN_EMPTY_BODY = YES;
				CLANG_WARN_ENUM_CONVERSION = YES;
				CLANG_WARN_INFINITE_RECURSION = YES;
				CLANG_WARN_INT_CONVERSION = YES;
				CLANG_WARN_NON_LITERAL_NULL_CONVERSION = YES;
				CLANG_WARN_OBJC_IMPLICIT_RETAIN_SELF = YES;
				CLANG_WARN_OBJC_LITERAL_CONVERSION = YES;
				CLANG_WARN_OBJC_ROOT_CLASS = YES_ERROR;
				CLANG_WARN_RANGE_LOOP_ANALYSIS = YES;
				CLANG_WARN_STRICT_PROTOTYPES = YES;
				CLANG_WARN_SUSPICIOUS_MOVE = YES;
				CLANG_WARN_UNGUARDED_AVAILABILITY = YES_AGGRESSIVE;
				CLANG_WARN_UNREACHABLE_CODE = YES;
				CLANG_WARN__DUPLICATE_METHOD_MATCH = YES;
				CODE_SIGN_IDENTITY = "iPhone Developer";
				COPY_PHASE_STRIP = NO;
				DEBUG_INFORMATION_FORMAT = "dwarf-with-dsym";
				ENABLE_NS_ASSERTIONS = NO;
				ENABLE_STRICT_OBJC_MSGSEND = YES;
				GCC_C_LANGUAGE_STANDARD = gnu11;
				GCC_NO_COMMON_BLOCKS = YES;
				GCC_WARN_64_TO_32_BIT_CONVERSION = YES;
				GCC_WARN_ABOUT_RETURN_TYPE = YES_ERROR;
				GCC_WARN_UNDECLARED_SELECTOR = YES;
				GCC_WARN_UNINITIALIZED_AUTOS = YES_AGGRESSIVE;
				GCC_WARN_UNUSED_FUNCTION = YES;
				GCC_WARN_UNUSED_VARIABLE = YES;
				IPHONEOS_DEPLOYMENT_TARGET = 11.3;
				MTL_ENABLE_DEBUG_INFO = NO;
				SDKROOT = iphoneos;
				SWIFT_COMPILATION_MODE = wholemodule;
				SWIFT_OPTIMIZATION_LEVEL = "-O";
				VALIDATE_PRODUCT = YES;
			};
			name = Release;
		};
		395CE16020985F05004B5212 /* Debug */ = {
			isa = XCBuildConfiguration;
			baseConfigurationReference = F3FC51660F14D4FF5856C039 /* Pods-JustDraw.debug.xcconfig */;
			buildSettings = {
				ASSETCATALOG_COMPILER_APPICON_NAME = AppIcon;
				CODE_SIGN_STYLE = Automatic;
				DEVELOPMENT_TEAM = 4395L5MX45;
				INFOPLIST_FILE = JustDraw/Info.plist;
				IPHONEOS_DEPLOYMENT_TARGET = 10.0;
				LD_RUNPATH_SEARCH_PATHS = (
					"$(inherited)",
					"@executable_path/Frameworks",
				);
				PRODUCT_BUNDLE_IDENTIFIER = com.tranquocbao.ios.project.JustDraw;
				PRODUCT_NAME = "$(TARGET_NAME)";
				SWIFT_VERSION = 4.0;
				TARGETED_DEVICE_FAMILY = "1,2";
			};
			name = Debug;
		};
		395CE16120985F05004B5212 /* Release */ = {
			isa = XCBuildConfiguration;
			baseConfigurationReference = 6CA09F3DF82735230DA4B54F /* Pods-JustDraw.release.xcconfig */;
			buildSettings = {
				ASSETCATALOG_COMPILER_APPICON_NAME = AppIcon;
				CODE_SIGN_STYLE = Automatic;
				DEVELOPMENT_TEAM = 4395L5MX45;
				INFOPLIST_FILE = JustDraw/Info.plist;
				IPHONEOS_DEPLOYMENT_TARGET = 10.0;
				LD_RUNPATH_SEARCH_PATHS = (
					"$(inherited)",
					"@executable_path/Frameworks",
				);
				PRODUCT_BUNDLE_IDENTIFIER = com.tranquocbao.ios.project.JustDraw;
				PRODUCT_NAME = "$(TARGET_NAME)";
				SWIFT_VERSION = 4.0;
				TARGETED_DEVICE_FAMILY = "1,2";
			};
			name = Release;
		};
		395CE16320985F05004B5212 /* Debug */ = {
			isa = XCBuildConfiguration;
			baseConfigurationReference = 7B31816026EDDAF1936C3FF2 /* Pods-JustDrawTests.debug.xcconfig */;
			buildSettings = {
				ALWAYS_EMBED_SWIFT_STANDARD_LIBRARIES = YES;
				BUNDLE_LOADER = "$(TEST_HOST)";
				CODE_SIGN_STYLE = Automatic;
				DEVELOPMENT_TEAM = 4395L5MX45;
				INFOPLIST_FILE = JustDrawTests/Info.plist;
				LD_RUNPATH_SEARCH_PATHS = (
					"$(inherited)",
					"@executable_path/Frameworks",
					"@loader_path/Frameworks",
				);
				PRODUCT_BUNDLE_IDENTIFIER = com.tranquocbao.ios.project.JustDrawTests;
				PRODUCT_NAME = "$(TARGET_NAME)";
				SWIFT_VERSION = 4.0;
				TARGETED_DEVICE_FAMILY = "1,2";
				TEST_HOST = "$(BUILT_PRODUCTS_DIR)/JustDraw.app/JustDraw";
			};
			name = Debug;
		};
		395CE16420985F05004B5212 /* Release */ = {
			isa = XCBuildConfiguration;
			baseConfigurationReference = DB3E3A13FBC6951D460B8242 /* Pods-JustDrawTests.release.xcconfig */;
			buildSettings = {
				ALWAYS_EMBED_SWIFT_STANDARD_LIBRARIES = YES;
				BUNDLE_LOADER = "$(TEST_HOST)";
				CODE_SIGN_STYLE = Automatic;
				DEVELOPMENT_TEAM = 4395L5MX45;
				INFOPLIST_FILE = JustDrawTests/Info.plist;
				LD_RUNPATH_SEARCH_PATHS = (
					"$(inherited)",
					"@executable_path/Frameworks",
					"@loader_path/Frameworks",
				);
				PRODUCT_BUNDLE_IDENTIFIER = com.tranquocbao.ios.project.JustDrawTests;
				PRODUCT_NAME = "$(TARGET_NAME)";
				SWIFT_VERSION = 4.0;
				TARGETED_DEVICE_FAMILY = "1,2";
				TEST_HOST = "$(BUILT_PRODUCTS_DIR)/JustDraw.app/JustDraw";
			};
			name = Release;
		};
		395CE16620985F05004B5212 /* Debug */ = {
			isa = XCBuildConfiguration;
			baseConfigurationReference = 523EDEC460A4D635A5A7FC4F /* Pods-JustDrawUITests.debug.xcconfig */;
			buildSettings = {
				ALWAYS_EMBED_SWIFT_STANDARD_LIBRARIES = YES;
				CODE_SIGN_STYLE = Automatic;
				DEVELOPMENT_TEAM = 4395L5MX45;
				INFOPLIST_FILE = JustDrawUITests/Info.plist;
				LD_RUNPATH_SEARCH_PATHS = (
					"$(inherited)",
					"@executable_path/Frameworks",
					"@loader_path/Frameworks",
				);
				PRODUCT_BUNDLE_IDENTIFIER = com.tranquocbao.ios.project.JustDrawUITests;
				PRODUCT_NAME = "$(TARGET_NAME)";
				SWIFT_VERSION = 4.0;
				TARGETED_DEVICE_FAMILY = "1,2";
				TEST_TARGET_NAME = JustDraw;
			};
			name = Debug;
		};
		395CE16720985F05004B5212 /* Release */ = {
			isa = XCBuildConfiguration;
			baseConfigurationReference = 9A75A2B9357897B0832FBCB4 /* Pods-JustDrawUITests.release.xcconfig */;
			buildSettings = {
				ALWAYS_EMBED_SWIFT_STANDARD_LIBRARIES = YES;
				CODE_SIGN_STYLE = Automatic;
				DEVELOPMENT_TEAM = 4395L5MX45;
				INFOPLIST_FILE = JustDrawUITests/Info.plist;
				LD_RUNPATH_SEARCH_PATHS = (
					"$(inherited)",
					"@executable_path/Frameworks",
					"@loader_path/Frameworks",
				);
				PRODUCT_BUNDLE_IDENTIFIER = com.tranquocbao.ios.project.JustDrawUITests;
				PRODUCT_NAME = "$(TARGET_NAME)";
				SWIFT_VERSION = 4.0;
				TARGETED_DEVICE_FAMILY = "1,2";
				TEST_TARGET_NAME = JustDraw;
			};
			name = Release;
		};
/* End XCBuildConfiguration section */

/* Begin XCConfigurationList section */
		395CE12F20985F04004B5212 /* Build configuration list for PBXProject "JustDraw" */ = {
			isa = XCConfigurationList;
			buildConfigurations = (
				395CE15D20985F05004B5212 /* Debug */,
				395CE15E20985F05004B5212 /* Release */,
			);
			defaultConfigurationIsVisible = 0;
			defaultConfigurationName = Release;
		};
		395CE15F20985F05004B5212 /* Build configuration list for PBXNativeTarget "JustDraw" */ = {
			isa = XCConfigurationList;
			buildConfigurations = (
				395CE16020985F05004B5212 /* Debug */,
				395CE16120985F05004B5212 /* Release */,
			);
			defaultConfigurationIsVisible = 0;
			defaultConfigurationName = Release;
		};
		395CE16220985F05004B5212 /* Build configuration list for PBXNativeTarget "JustDrawTests" */ = {
			isa = XCConfigurationList;
			buildConfigurations = (
				395CE16320985F05004B5212 /* Debug */,
				395CE16420985F05004B5212 /* Release */,
			);
			defaultConfigurationIsVisible = 0;
			defaultConfigurationName = Release;
		};
		395CE16520985F05004B5212 /* Build configuration list for PBXNativeTarget "JustDrawUITests" */ = {
			isa = XCConfigurationList;
			buildConfigurations = (
				395CE16620985F05004B5212 /* Debug */,
				395CE16720985F05004B5212 /* Release */,
			);
			defaultConfigurationIsVisible = 0;
			defaultConfigurationName = Release;
		};
/* End XCConfigurationList section */

/* Begin XCVersionGroup section */
		395CE13E20985F04004B5212 /* JustDraw.xcdatamodeld */ = {
			isa = XCVersionGroup;
			children = (
				395CE13F20985F04004B5212 /* JustDraw.xcdatamodel */,
			);
			currentVersion = 395CE13F20985F04004B5212 /* JustDraw.xcdatamodel */;
			path = JustDraw.xcdatamodeld;
			sourceTree = "<group>";
			versionGroupType = wrapper.xcdatamodel;
		};
/* End XCVersionGroup section */
	};
	rootObject = 395CE12C20985F04004B5212 /* Project object */;
}
